
Microsoft Visual Studio Solution File, Format Version 12.00
# Visual Studio 15
VisualStudioVersion = 15.0.27130.2003
MinimumVisualStudioVersion = 10.0.40219.1
Project("{9A19103F-16F7-4668-BE54-9A1E7A4F7556}") = "ActionPoint", "ActionPoint\ActionPoint.csproj", "{9097B67B-CF40-4F15-A0A8-C52C71014304}"
EndProject
Project("{9A19103F-16F7-4668-BE54-9A1E7A4F7556}") = "KnightsOfHonor", "KnightsOfHonor\KnightsOfHonor.csproj", "{CDC08F4E-DEAE-4718-9E3B-C64100B666E7}"
EndProject
Project("{9A19103F-16F7-4668-BE54-9A1E7A4F7556}") = "CustomMinFunc", "CustomMinFunc\CustomMinFunc.csproj", "{CD3E8789-2DE5-4527-A235-5CB2E1CAA1B2}"
EndProject
Project("{9A19103F-16F7-4668-BE54-9A1E7A4F7556}") = "FindEvensOrOdds", "FindEvensOrOdds\FindEvensOrOdds.csproj", "{70E33F24-AF2C-4B38-BC5E-7B81C19E0EEC}"
EndProject
Project("{9A19103F-16F7-4668-BE54-9A1E7A4F7556}") = "AppliedArithmetics", "AppliedArithmetics\AppliedArithmetics.csproj", "{27F08766-863C-4E5D-82D3-AB9BCF17748B}"
EndProject
Project("{9A19103F-16F7-4668-BE54-9A1E7A4F7556}") = "ReverseAndExclude", "ReverseAndExclude\ReverseAndExclude.csproj", "{5323F2C1-FAAB-4402-A52C-7587EB6C4A30}"
EndProject
Project("{9A19103F-16F7-4668-BE54-9A1E7A4F7556}") = "PredicateForNames", "PredicateForNames\PredicateForNames.csproj", "{F00D7DD0-2405-4619-AAAD-5E78AE26C362}"
EndProject
Project("{9A19103F-16F7-4668-BE54-9A1E7A4F7556}") = "CustomComparator", "CustomComparator\CustomComparator.csproj", "{8234AEF5-4C85-4D40-8E16-B8D9C5AA560C}"
EndProject
Project("{FAE04EC0-301F-11D3-BF4B-00C04F79EFBC}") = "ThePartyReservationFilterModule", "ThePartyReservationFilterModule\ThePartyReservationFilterModule.csproj", "{B1947A4E-9E42-41A0-83BD-EBFF71786911}"
EndProject
Project("{FAE04EC0-301F-11D3-BF4B-00C04F79EFBC}") = "InfernoIII", "InfernoIII\InfernoIII.csproj", "{39E2194D-38E0-49AF-9A48-A60CBABBAB56}"
EndProject
Project("{FAE04EC0-301F-11D3-BF4B-00C04F79EFBC}") = "TriFunction", "TriFunction\TriFunction.csproj", "{C332A2A0-42BF-46F6-8557-4FB5E7D07707}"
EndProject
Project("{FAE04EC0-301F-11D3-BF4B-00C04F79EFBC}") = "PredicateParty", "PredicateParty\PredicateParty.csproj", "{EF062CDD-2CBF-4417-95FA-90384DA63BE4}"
EndProject
Project("{FAE04EC0-301F-11D3-BF4B-00C04F79EFBC}") = "ListOfPredicates", "ListOfPredicates\ListOfPredicates.csproj", "{D5C6122E-7147-4A66-BB7C-4166B4C47EE1}"
EndProject
Global
	GlobalSection(SolutionConfigurationPlatforms) = preSolution
		Debug|Any CPU = Debug|Any CPU
		Release|Any CPU = Release|Any CPU
	EndGlobalSection
	GlobalSection(ProjectConfigurationPlatforms) = postSolution
		{9097B67B-CF40-4F15-A0A8-C52C71014304}.Debug|Any CPU.ActiveCfg = Debug|Any CPU
		{9097B67B-CF40-4F15-A0A8-C52C71014304}.Debug|Any CPU.Build.0 = Debug|Any CPU
		{9097B67B-CF40-4F15-A0A8-C52C71014304}.Release|Any CPU.ActiveCfg = Release|Any CPU
		{9097B67B-CF40-4F15-A0A8-C52C71014304}.Release|Any CPU.Build.0 = Release|Any CPU
		{CDC08F4E-DEAE-4718-9E3B-C64100B666E7}.Debug|Any CPU.ActiveCfg = Debug|Any CPU
		{CDC08F4E-DEAE-4718-9E3B-C64100B666E7}.Debug|Any CPU.Build.0 = Debug|Any CPU
		{CDC08F4E-DEAE-4718-9E3B-C64100B666E7}.Release|Any CPU.ActiveCfg = Release|Any CPU
		{CDC08F4E-DEAE-4718-9E3B-C64100B666E7}.Release|Any CPU.Build.0 = Release|Any CPU
		{CD3E8789-2DE5-4527-A235-5CB2E1CAA1B2}.Debug|Any CPU.ActiveCfg = Debug|Any CPU
		{CD3E8789-2DE5-4527-A235-5CB2E1CAA1B2}.Debug|Any CPU.Build.0 = Debug|Any CPU
		{CD3E8789-2DE5-4527-A235-5CB2E1CAA1B2}.Release|Any CPU.ActiveCfg = Release|Any CPU
		{CD3E8789-2DE5-4527-A235-5CB2E1CAA1B2}.Release|Any CPU.Build.0 = Release|Any CPU
		{70E33F24-AF2C-4B38-BC5E-7B81C19E0EEC}.Debug|Any CPU.ActiveCfg = Debug|Any CPU
		{70E33F24-AF2C-4B38-BC5E-7B81C19E0EEC}.Debug|Any CPU.Build.0 = Debug|Any CPU
		{70E33F24-AF2C-4B38-BC5E-7B81C19E0EEC}.Release|Any CPU.ActiveCfg = Release|Any CPU
		{70E33F24-AF2C-4B38-BC5E-7B81C19E0EEC}.Release|Any CPU.Build.0 = Release|Any CPU
		{27F08766-863C-4E5D-82D3-AB9BCF17748B}.Debug|Any CPU.ActiveCfg = Debug|Any CPU
		{27F08766-863C-4E5D-82D3-AB9BCF17748B}.Debug|Any CPU.Build.0 = Debug|Any CPU
		{27F08766-863C-4E5D-82D3-AB9BCF17748B}.Release|Any CPU.ActiveCfg = Release|Any CPU
		{27F08766-863C-4E5D-82D3-AB9BCF17748B}.Release|Any CPU.Build.0 = Release|Any CPU
		{5323F2C1-FAAB-4402-A52C-7587EB6C4A30}.Debug|Any CPU.ActiveCfg = Debug|Any CPU
		{5323F2C1-FAAB-4402-A52C-7587EB6C4A30}.Debug|Any CPU.Build.0 = Debug|Any CPU
		{5323F2C1-FAAB-4402-A52C-7587EB6C4A30}.Release|Any CPU.ActiveCfg = Release|Any CPU
		{5323F2C1-FAAB-4402-A52C-7587EB6C4A30}.Release|Any CPU.Build.0 = Release|Any CPU
		{F00D7DD0-2405-4619-AAAD-5E78AE26C362}.Debug|Any CPU.ActiveCfg = Debug|Any CPU
		{F00D7DD0-2405-4619-AAAD-5E78AE26C362}.Debug|Any CPU.Build.0 = Debug|Any CPU
		{F00D7DD0-2405-4619-AAAD-5E78AE26C362}.Release|Any CPU.ActiveCfg = Release|Any CPU
		{F00D7DD0-2405-4619-AAAD-5E78AE26C362}.Release|Any CPU.Build.0 = Release|Any CPU
		{8234AEF5-4C85-4D40-8E16-B8D9C5AA560C}.Debug|Any CPU.ActiveCfg = Debug|Any CPU
		{8234AEF5-4C85-4D40-8E16-B8D9C5AA560C}.Debug|Any CPU.Build.0 = Debug|Any CPU
		{8234AEF5-4C85-4D40-8E16-B8D9C5AA560C}.Release|Any CPU.ActiveCfg = Release|Any CPU
		{8234AEF5-4C85-4D40-8E16-B8D9C5AA560C}.Release|Any CPU.Build.0 = Release|Any CPU
		{B1947A4E-9E42-41A0-83BD-EBFF71786911}.Debug|Any CPU.ActiveCfg = Debug|Any CPU
		{B1947A4E-9E42-41A0-83BD-EBFF71786911}.Debug|Any CPU.Build.0 = Debug|Any CPU
		{B1947A4E-9E42-41A0-83BD-EBFF71786911}.Release|Any CPU.ActiveCfg = Release|Any CPU
		{B1947A4E-9E42-41A0-83BD-EBFF71786911}.Release|Any CPU.Build.0 = Release|Any CPU
		{39E2194D-38E0-49AF-9A48-A60CBABBAB56}.Debug|Any CPU.ActiveCfg = Debug|Any CPU
		{39E2194D-38E0-49AF-9A48-A60CBABBAB56}.Debug|Any CPU.Build.0 = Debug|Any CPU
		{39E2194D-38E0-49AF-9A48-A60CBABBAB56}.Release|Any CPU.ActiveCfg = Release|Any CPU
		{39E2194D-38E0-49AF-9A48-A60CBABBAB56}.Release|Any CPU.Build.0 = Release|Any CPU
		{C332A2A0-42BF-46F6-8557-4FB5E7D07707}.Debug|Any CPU.ActiveCfg = Debug|Any CPU
		{C332A2A0-42BF-46F6-8557-4FB5E7D07707}.Debug|Any CPU.Build.0 = Debug|Any CPU
		{C332A2A0-42BF-46F6-8557-4FB5E7D07707}.Release|Any CPU.ActiveCfg = Release|Any CPU
		{C332A2A0-42BF-46F6-8557-4FB5E7D07707}.Release|Any CPU.Build.0 = Release|Any CPU
		{EF062CDD-2CBF-4417-95FA-90384DA63BE4}.Debug|Any CPU.ActiveCfg = Debug|Any CPU
		{EF062CDD-2CBF-4417-95FA-90384DA63BE4}.Debug|Any CPU.Build.0 = Debug|Any CPU
		{EF062CDD-2CBF-4417-95FA-90384DA63BE4}.Release|Any CPU.ActiveCfg = Release|Any CPU
		{EF062CDD-2CBF-4417-95FA-90384DA63BE4}.Release|Any CPU.Build.0 = Release|Any CPU
		{D5C6122E-7147-4A66-BB7C-4166B4C47EE1}.Debug|Any CPU.ActiveCfg = Debug|Any CPU
		{D5C6122E-7147-4A66-BB7C-4166B4C47EE1}.Debug|Any CPU.Build.0 = Debug|Any CPU
		{D5C6122E-7147-4A66-BB7C-4166B4C47EE1}.Release|Any CPU.ActiveCfg = Release|Any CPU
		{D5C6122E-7147-4A66-BB7C-4166B4C47EE1}.Release|Any CPU.Build.0 = Release|Any CPU
	EndGlobalSection
	GlobalSection(SolutionProperties) = preSolution
		HideSolutionNode = FALSE
	EndGlobalSection
	GlobalSection(ExtensibilityGlobals) = postSolution
		SolutionGuid = {72FB5DE2-62CA-43AF-BB5C-07D0D91D7A89}
	EndGlobalSection
EndGlobal
