
Microsoft Visual Studio Solution File, Format Version 12.00
# Visual Studio 15
VisualStudioVersion = 15.0.27130.2027
MinimumVisualStudioVersion = 10.0.40219.1
Project("{9A19103F-16F7-4668-BE54-9A1E7A4F7556}") = "Vehicles", "Vehicles\Vehicles.csproj", "{FCD342E8-2BA5-42EF-8126-FC630B53A2DE}"
EndProject
Project("{9A19103F-16F7-4668-BE54-9A1E7A4F7556}") = "VehiclesExtension", "VehicleExtension\VehiclesExtension.csproj", "{FE8FA587-FB97-460A-9E5B-0379C6E7A51C}"
EndProject
Project("{FAE04EC0-301F-11D3-BF4B-00C04F79EFBC}") = "WildFarm", "WildFarm\WildFarm.csproj", "{F9034374-14FE-48D5-8839-9571105B9FC8}"
EndProject
Global
	GlobalSection(SolutionConfigurationPlatforms) = preSolution
		Debug|Any CPU = Debug|Any CPU
		Release|Any CPU = Release|Any CPU
	EndGlobalSection
	GlobalSection(ProjectConfigurationPlatforms) = postSolution
		{FCD342E8-2BA5-42EF-8126-FC630B53A2DE}.Debug|Any CPU.ActiveCfg = Debug|Any CPU
		{FCD342E8-2BA5-42EF-8126-FC630B53A2DE}.Debug|Any CPU.Build.0 = Debug|Any CPU
		{FCD342E8-2BA5-42EF-8126-FC630B53A2DE}.Release|Any CPU.ActiveCfg = Release|Any CPU
		{FCD342E8-2BA5-42EF-8126-FC630B53A2DE}.Release|Any CPU.Build.0 = Release|Any CPU
		{FE8FA587-FB97-460A-9E5B-0379C6E7A51C}.Debug|Any CPU.ActiveCfg = Debug|Any CPU
		{FE8FA587-FB97-460A-9E5B-0379C6E7A51C}.Debug|Any CPU.Build.0 = Debug|Any CPU
		{FE8FA587-FB97-460A-9E5B-0379C6E7A51C}.Release|Any CPU.ActiveCfg = Release|Any CPU
		{FE8FA587-FB97-460A-9E5B-0379C6E7A51C}.Release|Any CPU.Build.0 = Release|Any CPU
		{F9034374-14FE-48D5-8839-9571105B9FC8}.Debug|Any CPU.ActiveCfg = Debug|Any CPU
		{F9034374-14FE-48D5-8839-9571105B9FC8}.Debug|Any CPU.Build.0 = Debug|Any CPU
		{F9034374-14FE-48D5-8839-9571105B9FC8}.Release|Any CPU.ActiveCfg = Release|Any CPU
		{F9034374-14FE-48D5-8839-9571105B9FC8}.Release|Any CPU.Build.0 = Release|Any CPU
	EndGlobalSection
	GlobalSection(SolutionProperties) = preSolution
		HideSolutionNode = FALSE
	EndGlobalSection
	GlobalSection(ExtensibilityGlobals) = postSolution
		SolutionGuid = {0E7E395E-558D-49ED-A314-696304EBF302}
	EndGlobalSection
EndGlobal
