
Microsoft Visual Studio Solution File, Format Version 12.00
# Visual Studio 15
VisualStudioVersion = 15.0.27130.2027
MinimumVisualStudioVersion = 10.0.40219.1
Project("{9A19103F-16F7-4668-BE54-9A1E7A4F7556}") = "WildFarm", "WildFarm.csproj", "{2EACEB9E-5341-45D0-B300-54C505278044}"
EndProject
Global
	GlobalSection(SolutionConfigurationPlatforms) = preSolution
		Debug|Any CPU = Debug|Any CPU
		Release|Any CPU = Release|Any CPU
	EndGlobalSection
	GlobalSection(ProjectConfigurationPlatforms) = postSolution
		{2EACEB9E-5341-45D0-B300-54C505278044}.Debug|Any CPU.ActiveCfg = Debug|Any CPU
		{2EACEB9E-5341-45D0-B300-54C505278044}.Debug|Any CPU.Build.0 = Debug|Any CPU
		{2EACEB9E-5341-45D0-B300-54C505278044}.Release|Any CPU.ActiveCfg = Release|Any CPU
		{2EACEB9E-5341-45D0-B300-54C505278044}.Release|Any CPU.Build.0 = Release|Any CPU
	EndGlobalSection
	GlobalSection(SolutionProperties) = preSolution
		HideSolutionNode = FALSE
	EndGlobalSection
	GlobalSection(ExtensibilityGlobals) = postSolution
		SolutionGuid = {CD8C0ADE-E7D6-4D36-9151-299BF7D6D343}
	EndGlobalSection
EndGlobal
