
Microsoft Visual Studio Solution File, Format Version 12.00
# Visual Studio 15
VisualStudioVersion = 15.0.27130.2027
MinimumVisualStudioVersion = 10.0.40219.1
Project("{FAE04EC0-301F-11D3-BF4B-00C04F79EFBC}") = "URLDecode", "URLDecode\URLDecode.csproj", "{411DBEDF-7C2A-4DB5-91A0-CF75FC53A17F}"
EndProject
Project("{FAE04EC0-301F-11D3-BF4B-00C04F79EFBC}") = "ValidateURL", "ValidateURL\ValidateURL.csproj", "{A964ACEA-4F9F-4211-A23F-B95D1BFB204F}"
EndProject
Project("{FAE04EC0-301F-11D3-BF4B-00C04F79EFBC}") = "RequestParser", "RequestParser\RequestParser.csproj", "{B7EE1B08-BE32-4786-895F-EE7E2119A958}"
EndProject
Global
	GlobalSection(SolutionConfigurationPlatforms) = preSolution
		Debug|Any CPU = Debug|Any CPU
		Release|Any CPU = Release|Any CPU
	EndGlobalSection
	GlobalSection(ProjectConfigurationPlatforms) = postSolution
		{411DBEDF-7C2A-4DB5-91A0-CF75FC53A17F}.Debug|Any CPU.ActiveCfg = Debug|Any CPU
		{411DBEDF-7C2A-4DB5-91A0-CF75FC53A17F}.Debug|Any CPU.Build.0 = Debug|Any CPU
		{411DBEDF-7C2A-4DB5-91A0-CF75FC53A17F}.Release|Any CPU.ActiveCfg = Release|Any CPU
		{411DBEDF-7C2A-4DB5-91A0-CF75FC53A17F}.Release|Any CPU.Build.0 = Release|Any CPU
		{A964ACEA-4F9F-4211-A23F-B95D1BFB204F}.Debug|Any CPU.ActiveCfg = Debug|Any CPU
		{A964ACEA-4F9F-4211-A23F-B95D1BFB204F}.Debug|Any CPU.Build.0 = Debug|Any CPU
		{A964ACEA-4F9F-4211-A23F-B95D1BFB204F}.Release|Any CPU.ActiveCfg = Release|Any CPU
		{A964ACEA-4F9F-4211-A23F-B95D1BFB204F}.Release|Any CPU.Build.0 = Release|Any CPU
		{B7EE1B08-BE32-4786-895F-EE7E2119A958}.Debug|Any CPU.ActiveCfg = Debug|Any CPU
		{B7EE1B08-BE32-4786-895F-EE7E2119A958}.Debug|Any CPU.Build.0 = Debug|Any CPU
		{B7EE1B08-BE32-4786-895F-EE7E2119A958}.Release|Any CPU.ActiveCfg = Release|Any CPU
		{B7EE1B08-BE32-4786-895F-EE7E2119A958}.Release|Any CPU.Build.0 = Release|Any CPU
	EndGlobalSection
	GlobalSection(SolutionProperties) = preSolution
		HideSolutionNode = FALSE
	EndGlobalSection
	GlobalSection(ExtensibilityGlobals) = postSolution
		SolutionGuid = {C98ED048-A96B-4370-86E9-530A79282190}
	EndGlobalSection
EndGlobal
