
Microsoft Visual Studio Solution File, Format Version 12.00
# Visual Studio 15
VisualStudioVersion = 15.0.27130.2027
MinimumVisualStudioVersion = 10.0.40219.1
Project("{9A19103F-16F7-4668-BE54-9A1E7A4F7556}") = "ClassBox", "ClassBox\ClassBox.csproj", "{49D02AF2-B7CA-44A7-B7B2-613487417101}"
EndProject
Project("{9A19103F-16F7-4668-BE54-9A1E7A4F7556}") = "AnimalFarm", "AnimalFarm\AnimalFarm.csproj", "{C3D85416-ED35-40CA-BA86-7402417F146D}"
EndProject
Project("{9A19103F-16F7-4668-BE54-9A1E7A4F7556}") = "ShoppingSpree", "ShoppingSpree\ShoppingSpree.csproj", "{2A481E13-A722-440A-8B5A-D386CB9F0DC6}"
EndProject
Project("{9A19103F-16F7-4668-BE54-9A1E7A4F7556}") = "PizzaCalories", "PizzaCalories\PizzaCalories.csproj", "{EC03429E-DB39-499B-BA79-23672A307BD3}"
EndProject
Project("{FAE04EC0-301F-11D3-BF4B-00C04F79EFBC}") = "FootballTeamGenerator", "FootballTeamGenerator\FootballTeamGenerator.csproj", "{9BB934FD-200E-4AAC-8B96-B2EB6B47061F}"
EndProject
Global
	GlobalSection(SolutionConfigurationPlatforms) = preSolution
		Debug|Any CPU = Debug|Any CPU
		Release|Any CPU = Release|Any CPU
	EndGlobalSection
	GlobalSection(ProjectConfigurationPlatforms) = postSolution
		{49D02AF2-B7CA-44A7-B7B2-613487417101}.Debug|Any CPU.ActiveCfg = Debug|Any CPU
		{49D02AF2-B7CA-44A7-B7B2-613487417101}.Debug|Any CPU.Build.0 = Debug|Any CPU
		{49D02AF2-B7CA-44A7-B7B2-613487417101}.Release|Any CPU.ActiveCfg = Release|Any CPU
		{49D02AF2-B7CA-44A7-B7B2-613487417101}.Release|Any CPU.Build.0 = Release|Any CPU
		{C3D85416-ED35-40CA-BA86-7402417F146D}.Debug|Any CPU.ActiveCfg = Debug|Any CPU
		{C3D85416-ED35-40CA-BA86-7402417F146D}.Debug|Any CPU.Build.0 = Debug|Any CPU
		{C3D85416-ED35-40CA-BA86-7402417F146D}.Release|Any CPU.ActiveCfg = Release|Any CPU
		{C3D85416-ED35-40CA-BA86-7402417F146D}.Release|Any CPU.Build.0 = Release|Any CPU
		{2A481E13-A722-440A-8B5A-D386CB9F0DC6}.Debug|Any CPU.ActiveCfg = Debug|Any CPU
		{2A481E13-A722-440A-8B5A-D386CB9F0DC6}.Debug|Any CPU.Build.0 = Debug|Any CPU
		{2A481E13-A722-440A-8B5A-D386CB9F0DC6}.Release|Any CPU.ActiveCfg = Release|Any CPU
		{2A481E13-A722-440A-8B5A-D386CB9F0DC6}.Release|Any CPU.Build.0 = Release|Any CPU
		{EC03429E-DB39-499B-BA79-23672A307BD3}.Debug|Any CPU.ActiveCfg = Debug|Any CPU
		{EC03429E-DB39-499B-BA79-23672A307BD3}.Debug|Any CPU.Build.0 = Debug|Any CPU
		{EC03429E-DB39-499B-BA79-23672A307BD3}.Release|Any CPU.ActiveCfg = Release|Any CPU
		{EC03429E-DB39-499B-BA79-23672A307BD3}.Release|Any CPU.Build.0 = Release|Any CPU
		{9BB934FD-200E-4AAC-8B96-B2EB6B47061F}.Debug|Any CPU.ActiveCfg = Debug|Any CPU
		{9BB934FD-200E-4AAC-8B96-B2EB6B47061F}.Debug|Any CPU.Build.0 = Debug|Any CPU
		{9BB934FD-200E-4AAC-8B96-B2EB6B47061F}.Release|Any CPU.ActiveCfg = Release|Any CPU
		{9BB934FD-200E-4AAC-8B96-B2EB6B47061F}.Release|Any CPU.Build.0 = Release|Any CPU
	EndGlobalSection
	GlobalSection(SolutionProperties) = preSolution
		HideSolutionNode = FALSE
	EndGlobalSection
	GlobalSection(ExtensibilityGlobals) = postSolution
		SolutionGuid = {D29706EF-ED11-4538-AD42-A77937BF11E0}
	EndGlobalSection
EndGlobal
