
Microsoft Visual Studio Solution File, Format Version 12.00
# Visual Studio 15
VisualStudioVersion = 15.0.27130.2003
MinimumVisualStudioVersion = 10.0.40219.1
Project("{FAE04EC0-301F-11D3-BF4B-00C04F79EFBC}") = "Arrangenumbers", "Arrangenumbers\Arrangenumbers.csproj", "{859609E7-AE66-4061-B89D-4658E05B52DF}"
EndProject
Project("{FAE04EC0-301F-11D3-BF4B-00C04F79EFBC}") = "BasicMarkupLanguage", "BasicMarkupLanguage\BasicMarkupLanguage.csproj", "{2DEFEFBD-CC27-4F6D-BAAA-14457AAC4979}"
EndProject
Project("{FAE04EC0-301F-11D3-BF4B-00C04F79EFBC}") = "ChampionsLeague", "ChampionsLeague\ChampionsLeague.csproj", "{B72BA49C-4059-48D6-A2C9-A27E73E9D3B4}"
EndProject
Global
	GlobalSection(SolutionConfigurationPlatforms) = preSolution
		Debug|Any CPU = Debug|Any CPU
		Release|Any CPU = Release|Any CPU
	EndGlobalSection
	GlobalSection(ProjectConfigurationPlatforms) = postSolution
		{859609E7-AE66-4061-B89D-4658E05B52DF}.Debug|Any CPU.ActiveCfg = Debug|Any CPU
		{859609E7-AE66-4061-B89D-4658E05B52DF}.Debug|Any CPU.Build.0 = Debug|Any CPU
		{859609E7-AE66-4061-B89D-4658E05B52DF}.Release|Any CPU.ActiveCfg = Release|Any CPU
		{859609E7-AE66-4061-B89D-4658E05B52DF}.Release|Any CPU.Build.0 = Release|Any CPU
		{2DEFEFBD-CC27-4F6D-BAAA-14457AAC4979}.Debug|Any CPU.ActiveCfg = Debug|Any CPU
		{2DEFEFBD-CC27-4F6D-BAAA-14457AAC4979}.Debug|Any CPU.Build.0 = Debug|Any CPU
		{2DEFEFBD-CC27-4F6D-BAAA-14457AAC4979}.Release|Any CPU.ActiveCfg = Release|Any CPU
		{2DEFEFBD-CC27-4F6D-BAAA-14457AAC4979}.Release|Any CPU.Build.0 = Release|Any CPU
		{B72BA49C-4059-48D6-A2C9-A27E73E9D3B4}.Debug|Any CPU.ActiveCfg = Debug|Any CPU
		{B72BA49C-4059-48D6-A2C9-A27E73E9D3B4}.Debug|Any CPU.Build.0 = Debug|Any CPU
		{B72BA49C-4059-48D6-A2C9-A27E73E9D3B4}.Release|Any CPU.ActiveCfg = Release|Any CPU
		{B72BA49C-4059-48D6-A2C9-A27E73E9D3B4}.Release|Any CPU.Build.0 = Release|Any CPU
	EndGlobalSection
	GlobalSection(SolutionProperties) = preSolution
		HideSolutionNode = FALSE
	EndGlobalSection
	GlobalSection(ExtensibilityGlobals) = postSolution
		SolutionGuid = {BAC7E03C-5BA6-4BFA-A8D0-822EF15EA84C}
	EndGlobalSection
EndGlobal
