
Microsoft Visual Studio Solution File, Format Version 12.00
# Visual Studio 15
VisualStudioVersion = 15.0.27130.2027
MinimumVisualStudioVersion = 10.0.40219.1
Project("{FAE04EC0-301F-11D3-BF4B-00C04F79EFBC}") = "DanceHall", "DanceHall\DanceHall.csproj", "{DD145A09-67C9-4CF9-8E23-3B09720FBFBD}"
EndProject
Project("{FAE04EC0-301F-11D3-BF4B-00C04F79EFBC}") = "FinalCompetition", "FinalCompetition\FinalCompetition.csproj", "{32DD95B2-25C4-4714-A382-F26F0AFBE305}"
EndProject
Project("{FAE04EC0-301F-11D3-BF4B-00C04F79EFBC}") = "Choreography", "Choreography\Choreography.csproj", "{A8B264D7-2CE8-4E50-BE43-368337894CB4}"
EndProject
Project("{FAE04EC0-301F-11D3-BF4B-00C04F79EFBC}") = "Cup", "Cup\Cup.csproj", "{A5D71747-BE10-42A2-B942-5B0E19FA0020}"
EndProject
Project("{FAE04EC0-301F-11D3-BF4B-00C04F79EFBC}") = "EnergyLoss", "EnergyLoss\EnergyLoss.csproj", "{6B8FADD7-DE07-4B51-A125-5C78AC4CA45A}"
EndProject
Project("{FAE04EC0-301F-11D3-BF4B-00C04F79EFBC}") = "GroupName", "GroupName\GroupName.csproj", "{FDBC1E3C-B67B-4921-8C3E-C000D793668F}"
EndProject
Global
	GlobalSection(SolutionConfigurationPlatforms) = preSolution
		Debug|Any CPU = Debug|Any CPU
		Release|Any CPU = Release|Any CPU
	EndGlobalSection
	GlobalSection(ProjectConfigurationPlatforms) = postSolution
		{DD145A09-67C9-4CF9-8E23-3B09720FBFBD}.Debug|Any CPU.ActiveCfg = Debug|Any CPU
		{DD145A09-67C9-4CF9-8E23-3B09720FBFBD}.Debug|Any CPU.Build.0 = Debug|Any CPU
		{DD145A09-67C9-4CF9-8E23-3B09720FBFBD}.Release|Any CPU.ActiveCfg = Release|Any CPU
		{DD145A09-67C9-4CF9-8E23-3B09720FBFBD}.Release|Any CPU.Build.0 = Release|Any CPU
		{32DD95B2-25C4-4714-A382-F26F0AFBE305}.Debug|Any CPU.ActiveCfg = Debug|Any CPU
		{32DD95B2-25C4-4714-A382-F26F0AFBE305}.Debug|Any CPU.Build.0 = Debug|Any CPU
		{32DD95B2-25C4-4714-A382-F26F0AFBE305}.Release|Any CPU.ActiveCfg = Release|Any CPU
		{32DD95B2-25C4-4714-A382-F26F0AFBE305}.Release|Any CPU.Build.0 = Release|Any CPU
		{A8B264D7-2CE8-4E50-BE43-368337894CB4}.Debug|Any CPU.ActiveCfg = Debug|Any CPU
		{A8B264D7-2CE8-4E50-BE43-368337894CB4}.Debug|Any CPU.Build.0 = Debug|Any CPU
		{A8B264D7-2CE8-4E50-BE43-368337894CB4}.Release|Any CPU.ActiveCfg = Release|Any CPU
		{A8B264D7-2CE8-4E50-BE43-368337894CB4}.Release|Any CPU.Build.0 = Release|Any CPU
		{A5D71747-BE10-42A2-B942-5B0E19FA0020}.Debug|Any CPU.ActiveCfg = Debug|Any CPU
		{A5D71747-BE10-42A2-B942-5B0E19FA0020}.Debug|Any CPU.Build.0 = Debug|Any CPU
		{A5D71747-BE10-42A2-B942-5B0E19FA0020}.Release|Any CPU.ActiveCfg = Release|Any CPU
		{A5D71747-BE10-42A2-B942-5B0E19FA0020}.Release|Any CPU.Build.0 = Release|Any CPU
		{6B8FADD7-DE07-4B51-A125-5C78AC4CA45A}.Debug|Any CPU.ActiveCfg = Debug|Any CPU
		{6B8FADD7-DE07-4B51-A125-5C78AC4CA45A}.Debug|Any CPU.Build.0 = Debug|Any CPU
		{6B8FADD7-DE07-4B51-A125-5C78AC4CA45A}.Release|Any CPU.ActiveCfg = Release|Any CPU
		{6B8FADD7-DE07-4B51-A125-5C78AC4CA45A}.Release|Any CPU.Build.0 = Release|Any CPU
		{FDBC1E3C-B67B-4921-8C3E-C000D793668F}.Debug|Any CPU.ActiveCfg = Debug|Any CPU
		{FDBC1E3C-B67B-4921-8C3E-C000D793668F}.Debug|Any CPU.Build.0 = Debug|Any CPU
		{FDBC1E3C-B67B-4921-8C3E-C000D793668F}.Release|Any CPU.ActiveCfg = Release|Any CPU
		{FDBC1E3C-B67B-4921-8C3E-C000D793668F}.Release|Any CPU.Build.0 = Release|Any CPU
	EndGlobalSection
	GlobalSection(SolutionProperties) = preSolution
		HideSolutionNode = FALSE
	EndGlobalSection
	GlobalSection(ExtensibilityGlobals) = postSolution
		SolutionGuid = {E48B3639-CB08-4DEC-9B13-41067AEBF400}
	EndGlobalSection
EndGlobal
